
Microsoft Visual Studio Solution File, Format Version 12.00
# Visual Studio Version 16
VisualStudioVersion = 16.0.31702.278
MinimumVisualStudioVersion = 10.0.40219.1
Project("{FAE04EC0-301F-11D3-BF4B-00C04F79EFBC}") = "class12", "class12.csproj", "{6BC97C00-21BF-48CD-A1A0-4F786B85D777}"
EndProject
Global
	GlobalSection(SolutionConfigurationPlatforms) = preSolution
		Debug|Any CPU = Debug|Any CPU
		Release|Any CPU = Release|Any CPU
	EndGlobalSection
	GlobalSection(ProjectConfigurationPlatforms) = postSolution
		{6BC97C00-21BF-48CD-A1A0-4F786B85D777}.Debug|Any CPU.ActiveCfg = Debug|Any CPU
		{6BC97C00-21BF-48CD-A1A0-4F786B85D777}.Debug|Any CPU.Build.0 = Debug|Any CPU
		{6BC97C00-21BF-48CD-A1A0-4F786B85D777}.Release|Any CPU.ActiveCfg = Release|Any CPU
		{6BC97C00-21BF-48CD-A1A0-4F786B85D777}.Release|Any CPU.Build.0 = Release|Any CPU
	EndGlobalSection
	GlobalSection(SolutionProperties) = preSolution
		HideSolutionNode = FALSE
	EndGlobalSection
	GlobalSection(ExtensibilityGlobals) = postSolution
		SolutionGuid = {F21E4757-F845-4BCF-BFF5-C931394B5855}
	EndGlobalSection
EndGlobal
